
Microsoft Visual Studio Solution File, Format Version 12.00
# Visual Studio 15
VisualStudioVersion = 15.0.27703.2026
MinimumVisualStudioVersion = 10.0.40219.1
Project("{FAE04EC0-301F-11D3-BF4B-00C04F79EFBC}") = "Producer", "WcfService1\Producer.csproj", "{15EAC6F5-7471-40F6-848E-AB0D20A23274}"
EndProject
Global
	GlobalSection(SolutionConfigurationPlatforms) = preSolution
		Debug|Any CPU = Debug|Any CPU
		Release|Any CPU = Release|Any CPU
	EndGlobalSection
	GlobalSection(ProjectConfigurationPlatforms) = postSolution
		{15EAC6F5-7471-40F6-848E-AB0D20A23274}.Debug|Any CPU.ActiveCfg = Debug|Any CPU
		{15EAC6F5-7471-40F6-848E-AB0D20A23274}.Debug|Any CPU.Build.0 = Debug|Any CPU
		{15EAC6F5-7471-40F6-848E-AB0D20A23274}.Release|Any CPU.ActiveCfg = Release|Any CPU
		{15EAC6F5-7471-40F6-848E-AB0D20A23274}.Release|Any CPU.Build.0 = Release|Any CPU
	EndGlobalSection
	GlobalSection(SolutionProperties) = preSolution
		HideSolutionNode = FALSE
	EndGlobalSection
	GlobalSection(ExtensibilityGlobals) = postSolution
		SolutionGuid = {D8A002DC-124A-415F-9E2F-B5A2EDBAA235}
	EndGlobalSection
EndGlobal
